// !$*UTF8*$!
{
	archiveVersion = 1;
	classes = {
	};
	objectVersion = 46;
	objects = {

/* Begin PBXBuildFile section */
		849E4EBF1035CFE78A14C9FB /* libPods-项目联系.a in Frameworks */ = {isa = PBXBuildFile; fileRef = 1735066CEEB867B9E782E94C /* libPods-项目联系.a */; };
		9B98402F1F2E0A590066B620 /* main.m in Sources */ = {isa = PBXBuildFile; fileRef = 9B98402E1F2E0A590066B620 /* main.m */; };
		9B9840321F2E0A590066B620 /* AppDelegate.m in Sources */ = {isa = PBXBuildFile; fileRef = 9B9840311F2E0A590066B620 /* AppDelegate.m */; };
		9B9840351F2E0A590066B620 /* ViewController.m in Sources */ = {isa = PBXBuildFile; fileRef = 9B9840341F2E0A590066B620 /* ViewController.m */; };
		9B9840381F2E0A590066B620 /* Main.storyboard in Resources */ = {isa = PBXBuildFile; fileRef = 9B9840361F2E0A590066B620 /* Main.storyboard */; };
		9B98403A1F2E0A590066B620 /* Assets.xcassets in Resources */ = {isa = PBXBuildFile; fileRef = 9B9840391F2E0A590066B620 /* Assets.xcassets */; };
		9B98403D1F2E0A590066B620 /* LaunchScreen.storyboard in Resources */ = {isa = PBXBuildFile; fileRef = 9B98403B1F2E0A590066B620 /* LaunchScreen.storyboard */; };
		9B9840481F2E0A590066B620 /* ____Tests.m in Sources */ = {isa = PBXBuildFile; fileRef = 9B9840471F2E0A590066B620 /* ____Tests.m */; };
		9B9840531F2E0A590066B620 /* ____UITests.m in Sources */ = {isa = PBXBuildFile; fileRef = 9B9840521F2E0A590066B620 /* ____UITests.m */; };
/* End PBXBuildFile section */

/* Begin PBXContainerItemProxy section */
		9B9840441F2E0A590066B620 /* PBXContainerItemProxy */ = {
			isa = PBXContainerItemProxy;
			containerPortal = 9B9840221F2E0A590066B620 /* Project object */;
			proxyType = 1;
			remoteGlobalIDString = 9B9840291F2E0A590066B620;
			remoteInfo = "项目联系";
		};
		9B98404F1F2E0A590066B620 /* PBXContainerItemProxy */ = {
			isa = PBXContainerItemProxy;
			containerPortal = 9B9840221F2E0A590066B620 /* Project object */;
			proxyType = 1;
			remoteGlobalIDString = 9B9840291F2E0A590066B620;
			remoteInfo = "项目联系";
		};
/* End PBXContainerItemProxy section */

/* Begin PBXFileReference section */
		1735066CEEB867B9E782E94C /* libPods-项目联系.a */ = {isa = PBXFileReference; explicitFileType = archive.ar; includeInIndex = 0; path = "libPods-项目联系.a"; sourceTree = BUILT_PRODUCTS_DIR; };
		779101124EAA251DD3E5012E /* Pods-项目联系.debug.xcconfig */ = {isa = PBXFileReference; includeInIndex = 1; lastKnownFileType = text.xcconfig; name = "Pods-项目联系.debug.xcconfig"; path = "Pods/Target Support Files/Pods-项目联系/Pods-项目联系.debug.xcconfig"; sourceTree = "<group>"; };
		9B98402A1F2E0A590066B620 /* 项目联系.app */ = {isa = PBXFileReference; explicitFileType = wrapper.application; includeInIndex = 0; path = "项目联系.app"; sourceTree = BUILT_PRODUCTS_DIR; };
		9B98402E1F2E0A590066B620 /* main.m */ = {isa = PBXFileReference; lastKnownFileType = sourcecode.c.objc; path = main.m; sourceTree = "<group>"; };
		9B9840301F2E0A590066B620 /* AppDelegate.h */ = {isa = PBXFileReference; lastKnownFileType = sourcecode.c.h; path = AppDelegate.h; sourceTree = "<group>"; };
		9B9840311F2E0A590066B620 /* AppDelegate.m */ = {isa = PBXFileReference; lastKnownFileType = sourcecode.c.objc; path = AppDelegate.m; sourceTree = "<group>"; };
		9B9840331F2E0A590066B620 /* ViewController.h */ = {isa = PBXFileReference; lastKnownFileType = sourcecode.c.h; path = ViewController.h; sourceTree = "<group>"; };
		9B9840341F2E0A590066B620 /* ViewController.m */ = {isa = PBXFileReference; lastKnownFileType = sourcecode.c.objc; path = ViewController.m; sourceTree = "<group>"; };
		9B9840371F2E0A590066B620 /* Base */ = {isa = PBXFileReference; lastKnownFileType = file.storyboard; name = Base; path = Base.lproj/Main.storyboard; sourceTree = "<group>"; };
		9B9840391F2E0A590066B620 /* Assets.xcassets */ = {isa = PBXFileReference; lastKnownFileType = folder.assetcatalog; path = Assets.xcassets; sourceTree = "<group>"; };
		9B98403C1F2E0A590066B620 /* Base */ = {isa = PBXFileReference; lastKnownFileType = file.storyboard; name = Base; path = Base.lproj/LaunchScreen.storyboard; sourceTree = "<group>"; };
		9B98403E1F2E0A590066B620 /* Info.plist */ = {isa = PBXFileReference; lastKnownFileType = text.plist.xml; path = Info.plist; sourceTree = "<group>"; };
		9B9840431F2E0A590066B620 /* 项目联系Tests.xctest */ = {isa = PBXFileReference; explicitFileType = wrapper.cfbundle; includeInIndex = 0; path = "项目联系Tests.xctest"; sourceTree = BUILT_PRODUCTS_DIR; };
		9B9840471F2E0A590066B620 /* ____Tests.m */ = {isa = PBXFileReference; lastKnownFileType = sourcecode.c.objc; path = ____Tests.m; sourceTree = "<group>"; };
		9B9840491F2E0A590066B620 /* Info.plist */ = {isa = PBXFileReference; lastKnownFileType = text.plist.xml; path = Info.plist; sourceTree = "<group>"; };
		9B98404E1F2E0A590066B620 /* 项目联系UITests.xctest */ = {isa = PBXFileReference; explicitFileType = wrapper.cfbundle; includeInIndex = 0; path = "项目联系UITests.xctest"; sourceTree = BUILT_PRODUCTS_DIR; };
		9B9840521F2E0A590066B620 /* ____UITests.m */ = {isa = PBXFileReference; lastKnownFileType = sourcecode.c.objc; path = ____UITests.m; sourceTree = "<group>"; };
		9B9840541F2E0A590066B620 /* Info.plist */ = {isa = PBXFileReference; lastKnownFileType = text.plist.xml; path = Info.plist; sourceTree = "<group>"; };
		C6A025BE721512664B008640 /* Pods-项目联系.release.xcconfig */ = {isa = PBXFileReference; includeInIndex = 1; lastKnownFileType = text.xcconfig; name = "Pods-项目联系.release.xcconfig"; path = "Pods/Target Support Files/Pods-项目联系/Pods-项目联系.release.xcconfig"; sourceTree = "<group>"; };
/* End PBXFileReference section */

/* Begin PBXFrameworksBuildPhase section */
		9B9840271F2E0A590066B620 /* Frameworks */ = {
			isa = PBXFrameworksBuildPhase;
			buildActionMask = 2147483647;
			files = (
				849E4EBF1035CFE78A14C9FB /* libPods-项目联系.a in Frameworks */,
			);
			runOnlyForDeploymentPostprocessing = 0;
		};
		9B9840401F2E0A590066B620 /* Frameworks */ = {
			isa = PBXFrameworksBuildPhase;
			buildActionMask = 2147483647;
			files = (
			);
			runOnlyForDeploymentPostprocessing = 0;
		};
		9B98404B1F2E0A590066B620 /* Frameworks */ = {
			isa = PBXFrameworksBuildPhase;
			buildActionMask = 2147483647;
			files = (
			);
			runOnlyForDeploymentPostprocessing = 0;
		};
/* End PBXFrameworksBuildPhase section */

/* Begin PBXGroup section */
		2E4BFF034486FCFA46228964 /* Frameworks */ = {
			isa = PBXGroup;
			children = (
				1735066CEEB867B9E782E94C /* libPods-项目联系.a */,
			);
			name = Frameworks;
			sourceTree = "<group>";
		};
		4AD60AB81608745A8F3479DE /* Pods */ = {
			isa = PBXGroup;
			children = (
				779101124EAA251DD3E5012E /* Pods-项目联系.debug.xcconfig */,
				C6A025BE721512664B008640 /* Pods-项目联系.release.xcconfig */,
			);
			name = Pods;
			sourceTree = "<group>";
		};
		9B9840211F2E0A590066B620 = {
			isa = PBXGroup;
			children = (
				9B98402C1F2E0A590066B620 /* 项目联系 */,
				9B9840461F2E0A590066B620 /* 项目联系Tests */,
				9B9840511F2E0A590066B620 /* 项目联系UITests */,
				9B98402B1F2E0A590066B620 /* Products */,
				4AD60AB81608745A8F3479DE /* Pods */,
				2E4BFF034486FCFA46228964 /* Frameworks */,
			);
			sourceTree = "<group>";
		};
		9B98402B1F2E0A590066B620 /* Products */ = {
			isa = PBXGroup;
			children = (
				9B98402A1F2E0A590066B620 /* 项目联系.app */,
				9B9840431F2E0A590066B620 /* 项目联系Tests.xctest */,
				9B98404E1F2E0A590066B620 /* 项目联系UITests.xctest */,
			);
			name = Products;
			sourceTree = "<group>";
		};
		9B98402C1F2E0A590066B620 /* 项目联系 */ = {
			isa = PBXGroup;
			children = (
				9B9840301F2E0A590066B620 /* AppDelegate.h */,
				9B9840311F2E0A590066B620 /* AppDelegate.m */,
				9B9840331F2E0A590066B620 /* ViewController.h */,
				9B9840341F2E0A590066B620 /* ViewController.m */,
				9B9840361F2E0A590066B620 /* Main.storyboard */,
				9B9840391F2E0A590066B620 /* Assets.xcassets */,
				9B98403B1F2E0A590066B620 /* LaunchScreen.storyboard */,
				9B98403E1F2E0A590066B620 /* Info.plist */,
				9B98402D1F2E0A590066B620 /* Supporting Files */,
			);
			path = "项目联系";
			sourceTree = "<group>";
		};
		9B98402D1F2E0A590066B620 /* Supporting Files */ = {
			isa = PBXGroup;
			children = (
				9B98402E1F2E0A590066B620 /* main.m */,
			);
			name = "Supporting Files";
			sourceTree = "<group>";
		};
		9B9840461F2E0A590066B620 /* 项目联系Tests */ = {
			isa = PBXGroup;
			children = (
				9B9840471F2E0A590066B620 /* ____Tests.m */,
				9B9840491F2E0A590066B620 /* Info.plist */,
			);
			path = "项目联系Tests";
			sourceTree = "<group>";
		};
		9B9840511F2E0A590066B620 /* 项目联系UITests */ = {
			isa = PBXGroup;
			children = (
				9B9840521F2E0A590066B620 /* ____UITests.m */,
				9B9840541F2E0A590066B620 /* Info.plist */,
			);
			path = "项目联系UITests";
			sourceTree = "<group>";
		};
/* End PBXGroup section */

/* Begin PBXNativeTarget section */
		9B9840291F2E0A590066B620 /* 项目联系 */ = {
			isa = PBXNativeTarget;
			buildConfigurationList = 9B9840571F2E0A590066B620 /* Build configuration list for PBXNativeTarget "项目联系" */;
			buildPhases = (
				128FE70B53ED48ED06C07739 /* [CP] Check Pods Manifest.lock */,
				9B9840261F2E0A590066B620 /* Sources */,
				9B9840271F2E0A590066B620 /* Frameworks */,
				9B9840281F2E0A590066B620 /* Resources */,
				758AC69C83BF3E8546E4C598 /* [CP] Embed Pods Frameworks */,
				975978B9A8730DEE14A2385D /* [CP] Copy Pods Resources */,
			);
			buildRules = (
			);
			dependencies = (
			);
			name = "项目联系";
			productName = "项目联系";
			productReference = 9B98402A1F2E0A590066B620 /* 项目联系.app */;
			productType = "com.apple.product-type.application";
		};
		9B9840421F2E0A590066B620 /* 项目联系Tests */ = {
			isa = PBXNativeTarget;
			buildConfigurationList = 9B98405A1F2E0A590066B620 /* Build configuration list for PBXNativeTarget "项目联系Tests" */;
			buildPhases = (
				9B98403F1F2E0A590066B620 /* Sources */,
				9B9840401F2E0A590066B620 /* Frameworks */,
				9B9840411F2E0A590066B620 /* Resources */,
			);
			buildRules = (
			);
			dependencies = (
				9B9840451F2E0A590066B620 /* PBXTargetDependency */,
			);
			name = "项目联系Tests";
			productName = "项目联系Tests";
			productReference = 9B9840431F2E0A590066B620 /* 项目联系Tests.xctest */;
			productType = "com.apple.product-type.bundle.unit-test";
		};
		9B98404D1F2E0A590066B620 /* 项目联系UITests */ = {
			isa = PBXNativeTarget;
			buildConfigurationList = 9B98405D1F2E0A590066B620 /* Build configuration list for PBXNativeTarget "项目联系UITests" */;
			buildPhases = (
				9B98404A1F2E0A590066B620 /* Sources */,
				9B98404B1F2E0A590066B620 /* Frameworks */,
				9B98404C1F2E0A590066B620 /* Resources */,
			);
			buildRules = (
			);
			dependencies = (
				9B9840501F2E0A590066B620 /* PBXTargetDependency */,
			);
			name = "项目联系UITests";
			productName = "项目联系UITests";
			productReference = 9B98404E1F2E0A590066B620 /* 项目联系UITests.xctest */;
			productType = "com.apple.product-type.bundle.ui-testing";
		};
/* End PBXNativeTarget section */

/* Begin PBXProject section */
		9B9840221F2E0A590066B620 /* Project object */ = {
			isa = PBXProject;
			attributes = {
				LastUpgradeCheck = 0820;
				ORGANIZATIONNAME = "池海涛";
				TargetAttributes = {
					9B9840291F2E0A590066B620 = {
						CreatedOnToolsVersion = 8.2.1;
						ProvisioningStyle = Automatic;
					};
					9B9840421F2E0A590066B620 = {
						CreatedOnToolsVersion = 8.2.1;
						ProvisioningStyle = Automatic;
						TestTargetID = 9B9840291F2E0A590066B620;
					};
					9B98404D1F2E0A590066B620 = {
						CreatedOnToolsVersion = 8.2.1;
						ProvisioningStyle = Automatic;
						TestTargetID = 9B9840291F2E0A590066B620;
					};
				};
			};
			buildConfigurationList = 9B9840251F2E0A590066B620 /* Build configuration list for PBXProject "项目联系" */;
			compatibilityVersion = "Xcode 3.2";
			developmentRegion = English;
			hasScannedForEncodings = 0;
			knownRegions = (
				en,
				Base,
			);
			mainGroup = 9B9840211F2E0A590066B620;
			productRefGroup = 9B98402B1F2E0A590066B620 /* Products */;
			projectDirPath = "";
			projectRoot = "";
			targets = (
				9B9840291F2E0A590066B620 /* 项目联系 */,
				9B9840421F2E0A590066B620 /* 项目联系Tests */,
				9B98404D1F2E0A590066B620 /* 项目联系UITests */,
			);
		};
/* End PBXProject section */

/* Begin PBXResourcesBuildPhase section */
		9B9840281F2E0A590066B620 /* Resources */ = {
			isa = PBXResourcesBuildPhase;
			buildActionMask = 2147483647;
			files = (
				9B98403D1F2E0A590066B620 /* LaunchScreen.storyboard in Resources */,
				9B98403A1F2E0A590066B620 /* Assets.xcassets in Resources */,
				9B9840381F2E0A590066B620 /* Main.storyboard in Resources */,
			);
			runOnlyForDeploymentPostprocessing = 0;
		};
		9B9840411F2E0A590066B620 /* Resources */ = {
			isa = PBXResourcesBuildPhase;
			buildActionMask = 2147483647;
			files = (
			);
			runOnlyForDeploymentPostprocessing = 0;
		};
		9B98404C1F2E0A590066B620 /* Resources */ = {
			isa = PBXResourcesBuildPhase;
			buildActionMask = 2147483647;
			files = (
			);
			runOnlyForDeploymentPostprocessing = 0;
		};
/* End PBXResourcesBuildPhase section */

/* Begin PBXShellScriptBuildPhase section */
		128FE70B53ED48ED06C07739 /* [CP] Check Pods Manifest.lock */ = {
			isa = PBXShellScriptBuildPhase;
			buildActionMask = 2147483647;
			files = (
			);
			inputPaths = (
			);
			name = "[CP] Check Pods Manifest.lock";
			outputPaths = (
			);
			runOnlyForDeploymentPostprocessing = 0;
			shellPath = /bin/sh;
			shellScript = "diff \"${PODS_PODFILE_DIR_PATH}/Podfile.lock\" \"${PODS_ROOT}/Manifest.lock\" > /dev/null\nif [ $? != 0 ] ; then\n    # print error to STDERR\n    echo \"error: The sandbox is not in sync with the Podfile.lock. Run 'pod install' or update your CocoaPods installation.\" >&2\n    exit 1\nfi\n";
			showEnvVarsInLog = 0;
		};
		758AC69C83BF3E8546E4C598 /* [CP] Embed Pods Frameworks */ = {
			isa = PBXShellScriptBuildPhase;
			buildActionMask = 2147483647;
			files = (
			);
			inputPaths = (
			);
			name = "[CP] Embed Pods Frameworks";
			outputPaths = (
			);
			runOnlyForDeploymentPostprocessing = 0;
			shellPath = /bin/sh;
			shellScript = "\"${SRCROOT}/Pods/Target Support Files/Pods-项目联系/Pods-项目联系-frameworks.sh\"\n";
			showEnvVarsInLog = 0;
		};
		975978B9A8730DEE14A2385D /* [CP] Copy Pods Resources */ = {
			isa = PBXShellScriptBuildPhase;
			buildActionMask = 2147483647;
			files = (
			);
			inputPaths = (
			);
			name = "[CP] Copy Pods Resources";
			outputPaths = (
			);
			runOnlyForDeploymentPostprocessing = 0;
			shellPath = /bin/sh;
			shellScript = "\"${SRCROOT}/Pods/Target Support Files/Pods-项目联系/Pods-项目联系-resources.sh\"\n";
			showEnvVarsInLog = 0;
		};
/* End PBXShellScriptBuildPhase section */

/* Begin PBXSourcesBuildPhase section */
		9B9840261F2E0A590066B620 /* Sources */ = {
			isa = PBXSourcesBuildPhase;
			buildActionMask = 2147483647;
			files = (
				9B9840351F2E0A590066B620 /* ViewController.m in Sources */,
				9B9840321F2E0A590066B620 /* AppDelegate.m in Sources */,
				9B98402F1F2E0A590066B620 /* main.m in Sources */,
			);
			runOnlyForDeploymentPostprocessing = 0;
		};
		9B98403F1F2E0A590066B620 /* Sources */ = {
			isa = PBXSourcesBuildPhase;
			buildActionMask = 2147483647;
			files = (
				9B9840481F2E0A590066B620 /* ____Tests.m in Sources */,
			);
			runOnlyForDeploymentPostprocessing = 0;
		};
		9B98404A1F2E0A590066B620 /* Sources */ = {
			isa = PBXSourcesBuildPhase;
			buildActionMask = 2147483647;
			files = (
				9B9840531F2E0A590066B620 /* ____UITests.m in Sources */,
			);
			runOnlyForDeploymentPostprocessing = 0;
		};
/* End PBXSourcesBuildPhase section */

/* Begin PBXTargetDependency section */
		9B9840451F2E0A590066B620 /* PBXTargetDependency */ = {
			isa = PBXTargetDependency;
			target = 9B9840291F2E0A590066B620 /* 项目联系 */;
			targetProxy = 9B9840441F2E0A590066B620 /* PBXContainerItemProxy */;
		};
		9B9840501F2E0A590066B620 /* PBXTargetDependency */ = {
			isa = PBXTargetDependency;
			target = 9B9840291F2E0A590066B620 /* 项目联系 */;
			targetProxy = 9B98404F1F2E0A590066B620 /* PBXContainerItemProxy */;
		};
/* End PBXTargetDependency section */

/* Begin PBXVariantGroup section */
		9B9840361F2E0A590066B620 /* Main.storyboard */ = {
			isa = PBXVariantGroup;
			children = (
				9B9840371F2E0A590066B620 /* Base */,
			);
			name = Main.storyboard;
			sourceTree = "<group>";
		};
		9B98403B1F2E0A590066B620 /* LaunchScreen.storyboard */ = {
			isa = PBXVariantGroup;
			children = (
				9B98403C1F2E0A590066B620 /* Base */,
			);
			name = LaunchScreen.storyboard;
			sourceTree = "<group>";
		};
/* End PBXVariantGroup section */

/* Begin XCBuildConfiguration section */
		9B9840551F2E0A590066B620 /* Debug */ = {
			isa = XCBuildConfiguration;
			buildSettings = {
				ALWAYS_SEARCH_USER_PATHS = NO;
				CLANG_ANALYZER_NONNULL = YES;
				CLANG_CXX_LANGUAGE_STANDARD = "gnu++0x";
				CLANG_CXX_LIBRARY = "libc++";
				CLANG_ENABLE_MODULES = YES;
				CLANG_ENABLE_OBJC_ARC = YES;
				CLANG_WARN_BOOL_CONVERSION = YES;
				CLANG_WARN_CONSTANT_CONVERSION = YES;
				CLANG_WARN_DIRECT_OBJC_ISA_USAGE = YES_ERROR;
				CLANG_WARN_DOCUMENTATION_COMMENTS = YES;
				CLANG_WARN_EMPTY_BODY = YES;
				CLANG_WARN_ENUM_CONVERSION = YES;
				CLANG_WARN_INFINITE_RECURSION = YES;
				CLANG_WARN_INT_CONVERSION = YES;
				CLANG_WARN_OBJC_ROOT_CLASS = YES_ERROR;
				CLANG_WARN_SUSPICIOUS_MOVE = YES;
				CLANG_WARN_UNREACHABLE_CODE = YES;
				CLANG_WARN__DUPLICATE_METHOD_MATCH = YES;
				"CODE_SIGN_IDENTITY[sdk=iphoneos*]" = "iPhone Developer";
				COPY_PHASE_STRIP = NO;
				DEBUG_INFORMATION_FORMAT = dwarf;
				ENABLE_STRICT_OBJC_MSGSEND = YES;
				ENABLE_TESTABILITY = YES;
				GCC_C_LANGUAGE_STANDARD = gnu99;
				GCC_DYNAMIC_NO_PIC = NO;
				GCC_NO_COMMON_BLOCKS = YES;
				GCC_OPTIMIZATION_LEVEL = 0;
				GCC_PREPROCESSOR_DEFINITIONS = (
					"DEBUG=1",
					"$(inherited)",
				);
				GCC_WARN_64_TO_32_BIT_CONVERSION = YES;
				GCC_WARN_ABOUT_RETURN_TYPE = YES_ERROR;
				GCC_WARN_UNDECLARED_SELECTOR = YES;
				GCC_WARN_UNINITIALIZED_AUTOS = YES_AGGRESSIVE;
				GCC_WARN_UNUSED_FUNCTION = YES;
				GCC_WARN_UNUSED_VARIABLE = YES;
				IPHONEOS_DEPLOYMENT_TARGET = 10.2;
				MTL_ENABLE_DEBUG_INFO = YES;
				ONLY_ACTIVE_ARCH = YES;
				SDKROOT = iphoneos;
				TARGETED_DEVICE_FAMILY = "1,2";
			};
			name = Debug;
		};
		9B9840561F2E0A590066B620 /* Release */ = {
			isa = XCBuildConfiguration;
			buildSettings = {
				ALWAYS_SEARCH_USER_PATHS = NO;
				CLANG_ANALYZER_NONNULL = YES;
				CLANG_CXX_LANGUAGE_STANDARD = "gnu++0x";
				CLANG_CXX_LIBRARY = "libc++";
				CLANG_ENABLE_MODULES = YES;
				CLANG_ENABLE_OBJC_ARC = YES;
				CLANG_WARN_BOOL_CONVERSION = YES;
				CLANG_WARN_CONSTANT_CONVERSION = YES;
				CLANG_WARN_DIRECT_OBJC_ISA_USAGE = YES_ERROR;
				CLANG_WARN_DOCUMENTATION_COMMENTS = YES;
				CLANG_WARN_EMPTY_BODY = YES;
				CLANG_WARN_ENUM_CONVERSION = YES;
				CLANG_WARN_INFINITE_RECURSION = YES;
				CLANG_WARN_INT_CONVERSION = YES;
				CLANG_WARN_OBJC_ROOT_CLASS = YES_ERROR;
				CLANG_WARN_SUSPICIOUS_MOVE = YES;
				CLANG_WARN_UNREACHABLE_CODE = YES;
				CLANG_WARN__DUPLICATE_METHOD_MATCH = YES;
				"CODE_SIGN_IDENTITY[sdk=iphoneos*]" = "iPhone Developer";
				COPY_PHASE_STRIP = NO;
				DEBUG_INFORMATION_FORMAT = "dwarf-with-dsym";
				ENABLE_NS_ASSERTIONS = NO;
				ENABLE_STRICT_OBJC_MSGSEND = YES;
				GCC_C_LANGUAGE_STANDARD = gnu99;
				GCC_NO_COMMON_BLOCKS = YES;
				GCC_WARN_64_TO_32_BIT_CONVERSION = YES;
				GCC_WARN_ABOUT_RETURN_TYPE = YES_ERROR;
				GCC_WARN_UNDECLARED_SELECTOR = YES;
				GCC_WARN_UNINITIALIZED_AUTOS = YES_AGGRESSIVE;
				GCC_WARN_UNUSED_FUNCTION = YES;
				GCC_WARN_UNUSED_VARIABLE = YES;
				IPHONEOS_DEPLOYMENT_TARGET = 10.2;
				MTL_ENABLE_DEBUG_INFO = NO;
				SDKROOT = iphoneos;
				TARGETED_DEVICE_FAMILY = "1,2";
				VALIDATE_PRODUCT = YES;
			};
			name = Release;
		};
		9B9840581F2E0A590066B620 /* Debug */ = {
			isa = XCBuildConfiguration;
			baseConfigurationReference = 779101124EAA251DD3E5012E /* Pods-项目联系.debug.xcconfig */;
			buildSettings = {
				ASSETCATALOG_COMPILER_APPICON_NAME = AppIcon;
				INFOPLIST_FILE = "项目联系/Info.plist";
				LD_RUNPATH_SEARCH_PATHS = "$(inherited) @executable_path/Frameworks";
				PRODUCT_BUNDLE_IDENTIFIER = "cht.----";
				PRODUCT_NAME = "$(TARGET_NAME)";
			};
			name = Debug;
		};
		9B9840591F2E0A590066B620 /* Release */ = {
			isa = XCBuildConfiguration;
			baseConfigurationReference = C6A025BE721512664B008640 /* Pods-项目联系.release.xcconfig */;
			buildSettings = {
				ASSETCATALOG_COMPILER_APPICON_NAME = AppIcon;
				INFOPLIST_FILE = "项目联系/Info.plist";
				LD_RUNPATH_SEARCH_PATHS = "$(inherited) @executable_path/Frameworks";
				PRODUCT_BUNDLE_IDENTIFIER = "cht.----";
				PRODUCT_NAME = "$(TARGET_NAME)";
			};
			name = Release;
		};
		9B98405B1F2E0A590066B620 /* Debug */ = {
			isa = XCBuildConfiguration;
			buildSettings = {
				BUNDLE_LOADER = "$(TEST_HOST)";
				INFOPLIST_FILE = "项目联系Tests/Info.plist";
				LD_RUNPATH_SEARCH_PATHS = "$(inherited) @executable_path/Frameworks @loader_path/Frameworks";
				PRODUCT_BUNDLE_IDENTIFIER = "cht.----Tests";
				PRODUCT_NAME = "$(TARGET_NAME)";
				TEST_HOST = "$(BUILT_PRODUCTS_DIR)/项目联系.app/项目联系";
			};
			name = Debug;
		};
		9B98405C1F2E0A590066B620 /* Release */ = {
			isa = XCBuildConfiguration;
			buildSettings = {
				BUNDLE_LOADER = "$(TEST_HOST)";
				INFOPLIST_FILE = "项目联系Tests/Info.plist";
				LD_RUNPATH_SEARCH_PATHS = "$(inherited) @executable_path/Frameworks @loader_path/Frameworks";
				PRODUCT_BUNDLE_IDENTIFIER = "cht.----Tests";
				PRODUCT_NAME = "$(TARGET_NAME)";
				TEST_HOST = "$(BUILT_PRODUCTS_DIR)/项目联系.app/项目联系";
			};
			name = Release;
		};
		9B98405E1F2E0A590066B620 /* Debug */ = {
			isa = XCBuildConfiguration;
			buildSettings = {
				INFOPLIST_FILE = "项目联系UITests/Info.plist";
				LD_RUNPATH_SEARCH_PATHS = "$(inherited) @executable_path/Frameworks @loader_path/Frameworks";
				PRODUCT_BUNDLE_IDENTIFIER = "cht.----UITests";
				PRODUCT_NAME = "$(TARGET_NAME)";
				TEST_TARGET_NAME = "项目联系";
			};
			name = Debug;
		};
		9B98405F1F2E0A590066B620 /* Release */ = {
			isa = XCBuildConfiguration;
			buildSettings = {
				INFOPLIST_FILE = "项目联系UITests/Info.plist";
				LD_RUNPATH_SEARCH_PATHS = "$(inherited) @executable_path/Frameworks @loader_path/Frameworks";
				PRODUCT_BUNDLE_IDENTIFIER = "cht.----UITests";
				PRODUCT_NAME = "$(TARGET_NAME)";
				TEST_TARGET_NAME = "项目联系";
			};
			name = Release;
		};
/* End XCBuildConfiguration section */

/* Begin XCConfigurationList section */
		9B9840251F2E0A590066B620 /* Build configuration list for PBXProject "项目联系" */ = {
			isa = XCConfigurationList;
			buildConfigurations = (
				9B9840551F2E0A590066B620 /* Debug */,
				9B9840561F2E0A590066B620 /* Release */,
			);
			defaultConfigurationIsVisible = 0;
			defaultConfigurationName = Release;
		};
		9B9840571F2E0A590066B620 /* Build configuration list for PBXNativeTarget "项目联系" */ = {
			isa = XCConfigurationList;
			buildConfigurations = (
				9B9840581F2E0A590066B620 /* Debug */,
				9B9840591F2E0A590066B620 /* Release */,
			);
			defaultConfigurationIsVisible = 0;
		};
		9B98405A1F2E0A590066B620 /* Build configuration list for PBXNativeTarget "项目联系Tests" */ = {
			isa = XCConfigurationList;
			buildConfigurations = (
				9B98405B1F2E0A590066B620 /* Debug */,
				9B98405C1F2E0A590066B620 /* Release */,
			);
			defaultConfigurationIsVisible = 0;
		};
		9B98405D1F2E0A590066B620 /* Build configuration list for PBXNativeTarget "项目联系UITests" */ = {
			isa = XCConfigurationList;
			buildConfigurations = (
				9B98405E1F2E0A590066B620 /* Debug */,
				9B98405F1F2E0A590066B620 /* Release */,
			);
			defaultConfigurationIsVisible = 0;
		};
/* End XCConfigurationList section */
	};
	rootObject = 9B9840221F2E0A590066B620 /* Project object */;
}
